// !$*UTF8*$!
{
	archiveVersion = 1;
	classes = {
	};
	objectVersion = 46;
	objects = {

/* Begin PBXBuildFile section */
		15ED799C19EE7305001FC922 /* main.m in Sources */ = {isa = PBXBuildFile; fileRef = 15ED799B19EE7305001FC922 /* main.m */; };
		15ED799F19EE7305001FC922 /* AppDelegate.m in Sources */ = {isa = PBXBuildFile; fileRef = 15ED799E19EE7305001FC922 /* AppDelegate.m */; };
		15ED79A219EE7305001FC922 /* ViewController.m in Sources */ = {isa = PBXBuildFile; fileRef = 15ED79A119EE7305001FC922 /* ViewController.m */; };
		15ED79A519EE7305001FC922 /* Main.storyboard in Resources */ = {isa = PBXBuildFile; fileRef = 15ED79A319EE7305001FC922 /* Main.storyboard */; };
		15ED79A719EE7305001FC922 /* Images.xcassets in Resources */ = {isa = PBXBuildFile; fileRef = 15ED79A619EE7305001FC922 /* Images.xcassets */; };
		15ED79AA19EE7305001FC922 /* LaunchScreen.xib in Resources */ = {isa = PBXBuildFile; fileRef = 15ED79A819EE7305001FC922 /* LaunchScreen.xib */; };
		15ED79B619EE7305001FC922 /* DocumentProviderSampleTests.m in Sources */ = {isa = PBXBuildFile; fileRef = 15ED79B519EE7305001FC922 /* DocumentProviderSampleTests.m */; };
		15ED79CA19EE732D001FC922 /* DocumentPickerViewController.m in Sources */ = {isa = PBXBuildFile; fileRef = 15ED79C919EE732D001FC922 /* DocumentPickerViewController.m */; };
		15ED79CC19EE732D001FC922 /* MainInterface.storyboard in Resources */ = {isa = PBXBuildFile; fileRef = 15ED79CB19EE732D001FC922 /* MainInterface.storyboard */; };
		15ED79D819EE732E001FC922 /* FileProvider.m in Sources */ = {isa = PBXBuildFile; fileRef = 15ED79D719EE732E001FC922 /* FileProvider.m */; };
		15ED79DB19EE732E001FC922 /* DocumentProviderExtFileProvider.appex in Embed App Extensions */ = {isa = PBXBuildFile; fileRef = 15ED79D119EE732E001FC922 /* DocumentProviderExtFileProvider.appex */; settings = {ATTRIBUTES = (RemoveHeadersOnCopy, ); }; };
		15ED79E019EE732E001FC922 /* DocumentProviderExt.appex in Embed App Extensions */ = {isa = PBXBuildFile; fileRef = 15ED79C319EE732D001FC922 /* DocumentProviderExt.appex */; settings = {ATTRIBUTES = (RemoveHeadersOnCopy, ); }; };
/* End PBXBuildFile section */

/* Begin PBXContainerItemProxy section */
		15ED79B019EE7305001FC922 /* PBXContainerItemProxy */ = {
			isa = PBXContainerItemProxy;
			containerPortal = 15ED798E19EE7305001FC922 /* Project object */;
			proxyType = 1;
			remoteGlobalIDString = 15ED799519EE7305001FC922;
			remoteInfo = DocumentProviderSample;
		};
		15ED79D919EE732E001FC922 /* PBXContainerItemProxy */ = {
			isa = PBXContainerItemProxy;
			containerPortal = 15ED798E19EE7305001FC922 /* Project object */;
			proxyType = 1;
			remoteGlobalIDString = 15ED79D019EE732E001FC922;
			remoteInfo = DocumentProviderExtFileProvider;
		};
		15ED79DC19EE732E001FC922 /* PBXContainerItemProxy */ = {
			isa = PBXContainerItemProxy;
			containerPortal = 15ED798E19EE7305001FC922 /* Project object */;
			proxyType = 1;
			remoteGlobalIDString = 15ED79D019EE732E001FC922;
			remoteInfo = DocumentProviderExtFileProvider;
		};
		15ED79DE19EE732E001FC922 /* PBXContainerItemProxy */ = {
			isa = PBXContainerItemProxy;
			containerPortal = 15ED798E19EE7305001FC922 /* Project object */;
			proxyType = 1;
			remoteGlobalIDString = 15ED79C219EE732D001FC922;
			remoteInfo = DocumentProviderExt;
		};
		15ED79E119EE732E001FC922 /* PBXContainerItemProxy */ = {
			isa = PBXContainerItemProxy;
			containerPortal = 15ED798E19EE7305001FC922 /* Project object */;
			proxyType = 1;
			remoteGlobalIDString = 15ED79C219EE732D001FC922;
			remoteInfo = DocumentProviderExt;
		};
/* End PBXContainerItemProxy section */

/* Begin PBXCopyFilesBuildPhase section */
		15ED79E919EE732E001FC922 /* Embed App Extensions */ = {
			isa = PBXCopyFilesBuildPhase;
			buildActionMask = 2147483647;
			dstPath = "";
			dstSubfolderSpec = 13;
			files = (
				15ED79E019EE732E001FC922 /* DocumentProviderExt.appex in Embed App Extensions */,
				15ED79DB19EE732E001FC922 /* DocumentProviderExtFileProvider.appex in Embed App Extensions */,
			);
			name = "Embed App Extensions";
			runOnlyForDeploymentPostprocessing = 0;
		};
/* End PBXCopyFilesBuildPhase section */

/* Begin PBXFileReference section */
		15ED799619EE7305001FC922 /* DocumentProviderSample.app */ = {isa = PBXFileReference; explicitFileType = wrapper.application; includeInIndex = 0; path = DocumentProviderSample.app; sourceTree = BUILT_PRODUCTS_DIR; };
		15ED799A19EE7305001FC922 /* Info.plist */ = {isa = PBXFileReference; lastKnownFileType = text.plist.xml; path = Info.plist; sourceTree = "<group>"; };
		15ED799B19EE7305001FC922 /* main.m */ = {isa = PBXFileReference; lastKnownFileType = sourcecode.c.objc; path = main.m; sourceTree = "<group>"; };
		15ED799D19EE7305001FC922 /* AppDelegate.h */ = {isa = PBXFileReference; lastKnownFileType = sourcecode.c.h; path = AppDelegate.h; sourceTree = "<group>"; };
		15ED799E19EE7305001FC922 /* AppDelegate.m */ = {isa = PBXFileReference; lastKnownFileType = sourcecode.c.objc; path = AppDelegate.m; sourceTree = "<group>"; };
		15ED79A019EE7305001FC922 /* ViewController.h */ = {isa = PBXFileReference; lastKnownFileType = sourcecode.c.h; path = ViewController.h; sourceTree = "<group>"; };
		15ED79A119EE7305001FC922 /* ViewController.m */ = {isa = PBXFileReference; lastKnownFileType = sourcecode.c.objc; path = ViewController.m; sourceTree = "<group>"; };
		15ED79A419EE7305001FC922 /* Base */ = {isa = PBXFileReference; lastKnownFileType = file.storyboard; name = Base; path = Base.lproj/Main.storyboard; sourceTree = "<group>"; };
		15ED79A619EE7305001FC922 /* Images.xcassets */ = {isa = PBXFileReference; lastKnownFileType = folder.assetcatalog; path = Images.xcassets; sourceTree = "<group>"; };
		15ED79A919EE7305001FC922 /* Base */ = {isa = PBXFileReference; lastKnownFileType = file.xib; name = Base; path = Base.lproj/LaunchScreen.xib; sourceTree = "<group>"; };
		15ED79AF19EE7305001FC922 /* DocumentProviderSampleTests.xctest */ = {isa = PBXFileReference; explicitFileType = wrapper.cfbundle; includeInIndex = 0; path = DocumentProviderSampleTests.xctest; sourceTree = BUILT_PRODUCTS_DIR; };
		15ED79B419EE7305001FC922 /* Info.plist */ = {isa = PBXFileReference; lastKnownFileType = text.plist.xml; path = Info.plist; sourceTree = "<group>"; };
		15ED79B519EE7305001FC922 /* DocumentProviderSampleTests.m */ = {isa = PBXFileReference; lastKnownFileType = sourcecode.c.objc; path = DocumentProviderSampleTests.m; sourceTree = "<group>"; };
		15ED79C319EE732D001FC922 /* DocumentProviderExt.appex */ = {isa = PBXFileReference; explicitFileType = "wrapper.app-extension"; includeInIndex = 0; path = DocumentProviderExt.appex; sourceTree = BUILT_PRODUCTS_DIR; };
		15ED79C619EE732D001FC922 /* Info.plist */ = {isa = PBXFileReference; lastKnownFileType = text.plist.xml; path = Info.plist; sourceTree = "<group>"; };
		15ED79C719EE732D001FC922 /* DocumentProviderExt.entitlements */ = {isa = PBXFileReference; lastKnownFileType = text.xml; path = DocumentProviderExt.entitlements; sourceTree = "<group>"; };
		15ED79C819EE732D001FC922 /* DocumentPickerViewController.h */ = {isa = PBXFileReference; lastKnownFileType = sourcecode.c.h; path = DocumentPickerViewController.h; sourceTree = "<group>"; };
		15ED79C919EE732D001FC922 /* DocumentPickerViewController.m */ = {isa = PBXFileReference; lastKnownFileType = sourcecode.c.objc; path = DocumentPickerViewController.m; sourceTree = "<group>"; };
		15ED79CB19EE732D001FC922 /* MainInterface.storyboard */ = {isa = PBXFileReference; lastKnownFileType = file.storyboard; path = MainInterface.storyboard; sourceTree = "<group>"; };
		15ED79D119EE732E001FC922 /* DocumentProviderExtFileProvider.appex */ = {isa = PBXFileReference; explicitFileType = "wrapper.app-extension"; includeInIndex = 0; path = DocumentProviderExtFileProvider.appex; sourceTree = BUILT_PRODUCTS_DIR; };
		15ED79D419EE732E001FC922 /* Info.plist */ = {isa = PBXFileReference; lastKnownFileType = text.plist.xml; path = Info.plist; sourceTree = "<group>"; };
		15ED79D519EE732E001FC922 /* DocumentProviderExtFileProvider.entitlements */ = {isa = PBXFileReference; lastKnownFileType = text.xml; path = DocumentProviderExtFileProvider.entitlements; sourceTree = "<group>"; };
		15ED79D619EE732E001FC922 /* FileProvider.h */ = {isa = PBXFileReference; lastKnownFileType = sourcecode.c.h; path = FileProvider.h; sourceTree = "<group>"; };
		15ED79D719EE732E001FC922 /* FileProvider.m */ = {isa = PBXFileReference; lastKnownFileType = sourcecode.c.objc; path = FileProvider.m; sourceTree = "<group>"; };
/* End PBXFileReference section */

/* Begin PBXFrameworksBuildPhase section */
		15ED799319EE7305001FC922 /* Frameworks */ = {
			isa = PBXFrameworksBuildPhase;
			buildActionMask = 2147483647;
			files = (
			);
			runOnlyForDeploymentPostprocessing = 0;
		};
		15ED79AC19EE7305001FC922 /* Frameworks */ = {
			isa = PBXFrameworksBuildPhase;
			buildActionMask = 2147483647;
			files = (
			);
			runOnlyForDeploymentPostprocessing = 0;
		};
		15ED79C019EE732D001FC922 /* Frameworks */ = {
			isa = PBXFrameworksBuildPhase;
			buildActionMask = 2147483647;
			files = (
			);
			runOnlyForDeploymentPostprocessing = 0;
		};
		15ED79CE19EE732E001FC922 /* Frameworks */ = {
			isa = PBXFrameworksBuildPhase;
			buildActionMask = 2147483647;
			files = (
			);
			runOnlyForDeploymentPostprocessing = 0;
		};
/* End PBXFrameworksBuildPhase section */

/* Begin PBXGroup section */
		15ED798D19EE7305001FC922 = {
			isa = PBXGroup;
			children = (
				15ED799819EE7305001FC922 /* DocumentProviderSample */,
				15ED79B219EE7305001FC922 /* DocumentProviderSampleTests */,
				15ED79C419EE732D001FC922 /* DocumentProviderExt */,
				15ED79D219EE732E001FC922 /* DocumentProviderExtFileProvider */,
				15ED799719EE7305001FC922 /* Products */,
			);
			sourceTree = "<group>";
		};
		15ED799719EE7305001FC922 /* Products */ = {
			isa = PBXGroup;
			children = (
				15ED799619EE7305001FC922 /* DocumentProviderSample.app */,
				15ED79AF19EE7305001FC922 /* DocumentProviderSampleTests.xctest */,
				15ED79C319EE732D001FC922 /* DocumentProviderExt.appex */,
				15ED79D119EE732E001FC922 /* DocumentProviderExtFileProvider.appex */,
			);
			name = Products;
			sourceTree = "<group>";
		};
		15ED799819EE7305001FC922 /* DocumentProviderSample */ = {
			isa = PBXGroup;
			children = (
				15ED799D19EE7305001FC922 /* AppDelegate.h */,
				15ED799E19EE7305001FC922 /* AppDelegate.m */,
				15ED79A019EE7305001FC922 /* ViewController.h */,
				15ED79A119EE7305001FC922 /* ViewController.m */,
				15ED79A319EE7305001FC922 /* Main.storyboard */,
				15ED79A619EE7305001FC922 /* Images.xcassets */,
				15ED79A819EE7305001FC922 /* LaunchScreen.xib */,
				15ED799919EE7305001FC922 /* Supporting Files */,
			);
			path = DocumentProviderSample;
			sourceTree = "<group>";
		};
		15ED799919EE7305001FC922 /* Supporting Files */ = {
			isa = PBXGroup;
			children = (
				15ED799A19EE7305001FC922 /* Info.plist */,
				15ED799B19EE7305001FC922 /* main.m */,
			);
			name = "Supporting Files";
			sourceTree = "<group>";
		};
		15ED79B219EE7305001FC922 /* DocumentProviderSampleTests */ = {
			isa = PBXGroup;
			children = (
				15ED79B519EE7305001FC922 /* DocumentProviderSampleTests.m */,
				15ED79B319EE7305001FC922 /* Supporting Files */,
			);
			path = DocumentProviderSampleTests;
			sourceTree = "<group>";
		};
		15ED79B319EE7305001FC922 /* Supporting Files */ = {
			isa = PBXGroup;
			children = (
				15ED79B419EE7305001FC922 /* Info.plist */,
			);
			name = "Supporting Files";
			sourceTree = "<group>";
		};
		15ED79C419EE732D001FC922 /* DocumentProviderExt */ = {
			isa = PBXGroup;
			children = (
				15ED79C819EE732D001FC922 /* DocumentPickerViewController.h */,
				15ED79C919EE732D001FC922 /* DocumentPickerViewController.m */,
				15ED79CB19EE732D001FC922 /* MainInterface.storyboard */,
				15ED79C519EE732D001FC922 /* Supporting Files */,
			);
			path = DocumentProviderExt;
			sourceTree = "<group>";
		};
		15ED79C519EE732D001FC922 /* Supporting Files */ = {
			isa = PBXGroup;
			children = (
				15ED79C619EE732D001FC922 /* Info.plist */,
				15ED79C719EE732D001FC922 /* DocumentProviderExt.entitlements */,
			);
			name = "Supporting Files";
			sourceTree = "<group>";
		};
		15ED79D219EE732E001FC922 /* DocumentProviderExtFileProvider */ = {
			isa = PBXGroup;
			children = (
				15ED79D619EE732E001FC922 /* FileProvider.h */,
				15ED79D719EE732E001FC922 /* FileProvider.m */,
				15ED79D319EE732E001FC922 /* Supporting Files */,
			);
			path = DocumentProviderExtFileProvider;
			sourceTree = "<group>";
		};
		15ED79D319EE732E001FC922 /* Supporting Files */ = {
			isa = PBXGroup;
			children = (
				15ED79D419EE732E001FC922 /* Info.plist */,
				15ED79D519EE732E001FC922 /* DocumentProviderExtFileProvider.entitlements */,
			);
			name = "Supporting Files";
			sourceTree = "<group>";
		};
/* End PBXGroup section */

/* Begin PBXNativeTarget section */
		15ED799519EE7305001FC922 /* DocumentProviderSample */ = {
			isa = PBXNativeTarget;
			buildConfigurationList = 15ED79B919EE7305001FC922 /* Build configuration list for PBXNativeTarget "DocumentProviderSample" */;
			buildPhases = (
				15ED799219EE7305001FC922 /* Sources */,
				15ED799319EE7305001FC922 /* Frameworks */,
				15ED799419EE7305001FC922 /* Resources */,
				15ED79E919EE732E001FC922 /* Embed App Extensions */,
			);
			buildRules = (
			);
			dependencies = (
				15ED79DA19EE732E001FC922 /* PBXTargetDependency */,
				15ED79DD19EE732E001FC922 /* PBXTargetDependency */,
				15ED79DF19EE732E001FC922 /* PBXTargetDependency */,
				15ED79E219EE732E001FC922 /* PBXTargetDependency */,
			);
			name = DocumentProviderSample;
			productName = DocumentProviderSample;
			productReference = 15ED799619EE7305001FC922 /* DocumentProviderSample.app */;
			productType = "com.apple.product-type.application";
		};
		15ED79AE19EE7305001FC922 /* DocumentProviderSampleTests */ = {
			isa = PBXNativeTarget;
			buildConfigurationList = 15ED79BC19EE7305001FC922 /* Build configuration list for PBXNativeTarget "DocumentProviderSampleTests" */;
			buildPhases = (
				15ED79AB19EE7305001FC922 /* Sources */,
				15ED79AC19EE7305001FC922 /* Frameworks */,
				15ED79AD19EE7305001FC922 /* Resources */,
			);
			buildRules = (
			);
			dependencies = (
				15ED79B119EE7305001FC922 /* PBXTargetDependency */,
			);
			name = DocumentProviderSampleTests;
			productName = DocumentProviderSampleTests;
			productReference = 15ED79AF19EE7305001FC922 /* DocumentProviderSampleTests.xctest */;
			productType = "com.apple.product-type.bundle.unit-test";
		};
		15ED79C219EE732D001FC922 /* DocumentProviderExt */ = {
			isa = PBXNativeTarget;
			buildConfigurationList = 15ED79E619EE732E001FC922 /* Build configuration list for PBXNativeTarget "DocumentProviderExt" */;
			buildPhases = (
				15ED79BF19EE732D001FC922 /* Sources */,
				15ED79C019EE732D001FC922 /* Frameworks */,
				15ED79C119EE732D001FC922 /* Resources */,
			);
			buildRules = (
			);
			dependencies = (
			);
			name = DocumentProviderExt;
			productName = DocumentProviderExt;
			productReference = 15ED79C319EE732D001FC922 /* DocumentProviderExt.appex */;
			productType = "com.apple.product-type.app-extension";
		};
		15ED79D019EE732E001FC922 /* DocumentProviderExtFileProvider */ = {
			isa = PBXNativeTarget;
			buildConfigurationList = 15ED79E319EE732E001FC922 /* Build configuration list for PBXNativeTarget "DocumentProviderExtFileProvider" */;
			buildPhases = (
				15ED79CD19EE732E001FC922 /* Sources */,
				15ED79CE19EE732E001FC922 /* Frameworks */,
				15ED79CF19EE732E001FC922 /* Resources */,
			);
			buildRules = (
			);
			dependencies = (
			);
			name = DocumentProviderExtFileProvider;
			productName = DocumentProviderExtFileProvider;
			productReference = 15ED79D119EE732E001FC922 /* DocumentProviderExtFileProvider.appex */;
			productType = "com.apple.product-type.app-extension";
		};
/* End PBXNativeTarget section */

/* Begin PBXProject section */
		15ED798E19EE7305001FC922 /* Project object */ = {
			isa = PBXProject;
			attributes = {
				LastUpgradeCheck = 0600;
				ORGANIZATIONNAME = if;
				TargetAttributes = {
					15ED799519EE7305001FC922 = {
						CreatedOnToolsVersion = 6.0.1;
					};
					15ED79AE19EE7305001FC922 = {
						CreatedOnToolsVersion = 6.0.1;
						TestTargetID = 15ED799519EE7305001FC922;
					};
					15ED79C219EE732D001FC922 = {
						CreatedOnToolsVersion = 6.0.1;
					};
					15ED79D019EE732E001FC922 = {
						CreatedOnToolsVersion = 6.0.1;
						DevelopmentTeam = 4N6C77CUXQ;
						SystemCapabilities = {
							com.apple.iCloud = {
								enabled = 1;
							};
						};
					};
				};
			};
			buildConfigurationList = 15ED799119EE7305001FC922 /* Build configuration list for PBXProject "DocumentProviderSample" */;
			compatibilityVersion = "Xcode 3.2";
			developmentRegion = English;
			hasScannedForEncodings = 0;
			knownRegions = (
				en,
				Base,
			);
			mainGroup = 15ED798D19EE7305001FC922;
			productRefGroup = 15ED799719EE7305001FC922 /* Products */;
			projectDirPath = "";
			projectRoot = "";
			targets = (
				15ED799519EE7305001FC922 /* DocumentProviderSample */,
				15ED79AE19EE7305001FC922 /* DocumentProviderSampleTests */,
				15ED79C219EE732D001FC922 /* DocumentProviderExt */,
				15ED79D019EE732E001FC922 /* DocumentProviderExtFileProvider */,
			);
		};
/* End PBXProject section */

/* Begin PBXResourcesBuildPhase section */
		15ED799419EE7305001FC922 /* Resources */ = {
			isa = PBXResourcesBuildPhase;
			buildActionMask = 2147483647;
			files = (
				15ED79A519EE7305001FC922 /* Main.storyboard in Resources */,
				15ED79AA19EE7305001FC922 /* LaunchScreen.xib in Resources */,
				15ED79A719EE7305001FC922 /* Images.xcassets in Resources */,
			);
			runOnlyForDeploymentPostprocessing = 0;
		};
		15ED79AD19EE7305001FC922 /* Resources */ = {
			isa = PBXResourcesBuildPhase;
			buildActionMask = 2147483647;
			files = (
			);
			runOnlyForDeploymentPostprocessing = 0;
		};
		15ED79C119EE732D001FC922 /* Resources */ = {
			isa = PBXResourcesBuildPhase;
			buildActionMask = 2147483647;
			files = (
				15ED79CC19EE732D001FC922 /* MainInterface.storyboard in Resources */,
			);
			runOnlyForDeploymentPostprocessing = 0;
		};
		15ED79CF19EE732E001FC922 /* Resources */ = {
			isa = PBXResourcesBuildPhase;
			buildActionMask = 2147483647;
			files = (
			);
			runOnlyForDeploymentPostprocessing = 0;
		};
/* End PBXResourcesBuildPhase section */

/* Begin PBXSourcesBuildPhase section */
		15ED799219EE7305001FC922 /* Sources */ = {
			isa = PBXSourcesBuildPhase;
			buildActionMask = 2147483647;
			files = (
				15ED79A219EE7305001FC922 /* ViewController.m in Sources */,
				15ED799F19EE7305001FC922 /* AppDelegate.m in Sources */,
				15ED799C19EE7305001FC922 /* main.m in Sources */,
			);
			runOnlyForDeploymentPostprocessing = 0;
		};
		15ED79AB19EE7305001FC922 /* Sources */ = {
			isa = PBXSourcesBuildPhase;
			buildActionMask = 2147483647;
			files = (
				15ED79B619EE7305001FC922 /* DocumentProviderSampleTests.m in Sources */,
			);
			runOnlyForDeploymentPostprocessing = 0;
		};
		15ED79BF19EE732D001FC922 /* Sources */ = {
			isa = PBXSourcesBuildPhase;
			buildActionMask = 2147483647;
			files = (
				15ED79CA19EE732D001FC922 /* DocumentPickerViewController.m in Sources */,
			);
			runOnlyForDeploymentPostprocessing = 0;
		};
		15ED79CD19EE732E001FC922 /* Sources */ = {
			isa = PBXSourcesBuildPhase;
			buildActionMask = 2147483647;
			files = (
				15ED79D819EE732E001FC922 /* FileProvider.m in Sources */,
			);
			runOnlyForDeploymentPostprocessing = 0;
		};
/* End PBXSourcesBuildPhase section */

/* Begin PBXTargetDependency section */
		15ED79B119EE7305001FC922 /* PBXTargetDependency */ = {
			isa = PBXTargetDependency;
			target = 15ED799519EE7305001FC922 /* DocumentProviderSample */;
			targetProxy = 15ED79B019EE7305001FC922 /* PBXContainerItemProxy */;
		};
		15ED79DA19EE732E001FC922 /* PBXTargetDependency */ = {
			isa = PBXTargetDependency;
			target = 15ED79D019EE732E001FC922 /* DocumentProviderExtFileProvider */;
			targetProxy = 15ED79D919EE732E001FC922 /* PBXContainerItemProxy */;
		};
		15ED79DD19EE732E001FC922 /* PBXTargetDependency */ = {
			isa = PBXTargetDependency;
			target = 15ED79D019EE732E001FC922 /* DocumentProviderExtFileProvider */;
			targetProxy = 15ED79DC19EE732E001FC922 /* PBXContainerItemProxy */;
		};
		15ED79DF19EE732E001FC922 /* PBXTargetDependency */ = {
			isa = PBXTargetDependency;
			target = 15ED79C219EE732D001FC922 /* DocumentProviderExt */;
			targetProxy = 15ED79DE19EE732E001FC922 /* PBXContainerItemProxy */;
		};
		15ED79E219EE732E001FC922 /* PBXTargetDependency */ = {
			isa = PBXTargetDependency;
			target = 15ED79C219EE732D001FC922 /* DocumentProviderExt */;
			targetProxy = 15ED79E119EE732E001FC922 /* PBXContainerItemProxy */;
		};
/* End PBXTargetDependency section */

/* Begin PBXVariantGroup section */
		15ED79A319EE7305001FC922 /* Main.storyboard */ = {
			isa = PBXVariantGroup;
			children = (
				15ED79A419EE7305001FC922 /* Base */,
			);
			name = Main.storyboard;
			sourceTree = "<group>";
		};
		15ED79A819EE7305001FC922 /* LaunchScreen.xib */ = {
			isa = PBXVariantGroup;
			children = (
				15ED79A919EE7305001FC922 /* Base */,
			);
			name = LaunchScreen.xib;
			sourceTree = "<group>";
		};
/* End PBXVariantGroup section */

/* Begin XCBuildConfiguration section */
		15ED79B719EE7305001FC922 /* Debug */ = {
			isa = XCBuildConfiguration;
			buildSettings = {
				ALWAYS_SEARCH_USER_PATHS = NO;
				CLANG_CXX_LANGUAGE_STANDARD = "gnu++0x";
				CLANG_CXX_LIBRARY = "libc++";
				CLANG_ENABLE_MODULES = YES;
				CLANG_ENABLE_OBJC_ARC = YES;
				CLANG_WARN_BOOL_CONVERSION = YES;
				CLANG_WARN_CONSTANT_CONVERSION = YES;
				CLANG_WARN_DIRECT_OBJC_ISA_USAGE = YES_ERROR;
				CLANG_WARN_EMPTY_BODY = YES;
				CLANG_WARN_ENUM_CONVERSION = YES;
				CLANG_WARN_INT_CONVERSION = YES;
				CLANG_WARN_OBJC_ROOT_CLASS = YES_ERROR;
				CLANG_WARN_UNREACHABLE_CODE = YES;
				CLANG_WARN__DUPLICATE_METHOD_MATCH = YES;
				"CODE_SIGN_IDENTITY[sdk=iphoneos*]" = "iPhone Developer";
				COPY_PHASE_STRIP = NO;
				ENABLE_STRICT_OBJC_MSGSEND = YES;
				GCC_C_LANGUAGE_STANDARD = gnu99;
				GCC_DYNAMIC_NO_PIC = NO;
				GCC_OPTIMIZATION_LEVEL = 0;
				GCC_PREPROCESSOR_DEFINITIONS = (
					"DEBUG=1",
					"$(inherited)",
				);
				GCC_SYMBOLS_PRIVATE_EXTERN = NO;
				GCC_WARN_64_TO_32_BIT_CONVERSION = YES;
				GCC_WARN_ABOUT_RETURN_TYPE = YES_ERROR;
				GCC_WARN_UNDECLARED_SELECTOR = YES;
				GCC_WARN_UNINITIALIZED_AUTOS = YES_AGGRESSIVE;
				GCC_WARN_UNUSED_FUNCTION = YES;
				GCC_WARN_UNUSED_VARIABLE = YES;
				IPHONEOS_DEPLOYMENT_TARGET = 8.0;
				MTL_ENABLE_DEBUG_INFO = YES;
				ONLY_ACTIVE_ARCH = YES;
				SDKROOT = iphoneos;
			};
			name = Debug;
		};
		15ED79B819EE7305001FC922 /* Release */ = {
			isa = XCBuildConfiguration;
			buildSettings = {
				ALWAYS_SEARCH_USER_PATHS = NO;
				CLANG_CXX_LANGUAGE_STANDARD = "gnu++0x";
				CLANG_CXX_LIBRARY = "libc++";
				CLANG_ENABLE_MODULES = YES;
				CLANG_ENABLE_OBJC_ARC = YES;
				CLANG_WARN_BOOL_CONVERSION = YES;
				CLANG_WARN_CONSTANT_CONVERSION = YES;
				CLANG_WARN_DIRECT_OBJC_ISA_USAGE = YES_ERROR;
				CLANG_WARN_EMPTY_BODY = YES;
				CLANG_WARN_ENUM_CONVERSION = YES;
				CLANG_WARN_INT_CONVERSION = YES;
				CLANG_WARN_OBJC_ROOT_CLASS = YES_ERROR;
				CLANG_WARN_UNREACHABLE_CODE = YES;
				CLANG_WARN__DUPLICATE_METHOD_MATCH = YES;
				"CODE_SIGN_IDENTITY[sdk=iphoneos*]" = "iPhone Developer";
				COPY_PHASE_STRIP = YES;
				ENABLE_NS_ASSERTIONS = NO;
				ENABLE_STRICT_OBJC_MSGSEND = YES;
				GCC_C_LANGUAGE_STANDARD = gnu99;
				GCC_WARN_64_TO_32_BIT_CONVERSION = YES;
				GCC_WARN_ABOUT_RETURN_TYPE = YES_ERROR;
				GCC_WARN_UNDECLARED_SELECTOR = YES;
				GCC_WARN_UNINITIALIZED_AUTOS = YES_AGGRESSIVE;
				GCC_WARN_UNUSED_FUNCTION = YES;
				GCC_WARN_UNUSED_VARIABLE = YES;
				IPHONEOS_DEPLOYMENT_TARGET = 8.0;
				MTL_ENABLE_DEBUG_INFO = NO;
				SDKROOT = iphoneos;
				VALIDATE_PRODUCT = YES;
			};
			name = Release;
		};
		15ED79BA19EE7305001FC922 /* Debug */ = {
			isa = XCBuildConfiguration;
			buildSettings = {
				ASSETCATALOG_COMPILER_APPICON_NAME = AppIcon;
				INFOPLIST_FILE = DocumentProviderSample/Info.plist;
				LD_RUNPATH_SEARCH_PATHS = "$(inherited) @executable_path/Frameworks";
				PRODUCT_NAME = "$(TARGET_NAME)";
			};
			name = Debug;
		};
		15ED79BB19EE7305001FC922 /* Release */ = {
			isa = XCBuildConfiguration;
			buildSettings = {
				ASSETCATALOG_COMPILER_APPICON_NAME = AppIcon;
				INFOPLIST_FILE = DocumentProviderSample/Info.plist;
				LD_RUNPATH_SEARCH_PATHS = "$(inherited) @executable_path/Frameworks";
				PRODUCT_NAME = "$(TARGET_NAME)";
			};
			name = Release;
		};
		15ED79BD19EE7305001FC922 /* Debug */ = {
			isa = XCBuildConfiguration;
			buildSettings = {
				BUNDLE_LOADER = "$(TEST_HOST)";
				FRAMEWORK_SEARCH_PATHS = (
					"$(SDKROOT)/Developer/Library/Frameworks",
					"$(inherited)",
				);
				GCC_PREPROCESSOR_DEFINITIONS = (
					"DEBUG=1",
					"$(inherited)",
				);
				INFOPLIST_FILE = DocumentProviderSampleTests/Info.plist;
				LD_RUNPATH_SEARCH_PATHS = "$(inherited) @executable_path/Frameworks @loader_path/Frameworks";
				PRODUCT_NAME = "$(TARGET_NAME)";
				TEST_HOST = "$(BUILT_PRODUCTS_DIR)/DocumentProviderSample.app/DocumentProviderSample";
			};
			name = Debug;
		};
		15ED79BE19EE7305001FC922 /* Release */ = {
			isa = XCBuildConfiguration;
			buildSettings = {
				BUNDLE_LOADER = "$(TEST_HOST)";
				FRAMEWORK_SEARCH_PATHS = (
					"$(SDKROOT)/Developer/Library/Frameworks",
					"$(inherited)",
				);
				INFOPLIST_FILE = DocumentProviderSampleTests/Info.plist;
				LD_RUNPATH_SEARCH_PATHS = "$(inherited) @executable_path/Frameworks @loader_path/Frameworks";
				PRODUCT_NAME = "$(TARGET_NAME)";
				TEST_HOST = "$(BUILT_PRODUCTS_DIR)/DocumentProviderSample.app/DocumentProviderSample";
			};
			name = Release;
		};
		15ED79E419EE732E001FC922 /* Debug */ = {
			isa = XCBuildConfiguration;
			buildSettings = {
				CODE_SIGN_ENTITLEMENTS = DocumentProviderExtFileProvider/DocumentProviderExtFileProvider.entitlements;
				CODE_SIGN_IDENTITY = "iPhone Developer";
				"CODE_SIGN_IDENTITY[sdk=iphoneos*]" = "iPhone Developer";
				GCC_PREPROCESSOR_DEFINITIONS = (
					"DEBUG=1",
					"$(inherited)",
				);
				INFOPLIST_FILE = DocumentProviderExtFileProvider/Info.plist;
				LD_RUNPATH_SEARCH_PATHS = "$(inherited) @executable_path/Frameworks @executable_path/../../Frameworks";
				PRODUCT_NAME = "$(TARGET_NAME)";
				PROVISIONING_PROFILE = "";
				SKIP_INSTALL = YES;
			};
			name = Debug;
		};
		15ED79E519EE732E001FC922 /* Release */ = {
			isa = XCBuildConfiguration;
			buildSettings = {
				CODE_SIGN_ENTITLEMENTS = DocumentProviderExtFileProvider/DocumentProviderExtFileProvider.entitlements;
				CODE_SIGN_IDENTITY = "iPhone Developer";
				"CODE_SIGN_IDENTITY[sdk=iphoneos*]" = "iPhone Developer";
				INFOPLIST_FILE = DocumentProviderExtFileProvider/Info.plist;
				LD_RUNPATH_SEARCH_PATHS = "$(inherited) @executable_path/Frameworks @executable_path/../../Frameworks";
				PRODUCT_NAME = "$(TARGET_NAME)";
				PROVISIONING_PROFILE = "";
				SKIP_INSTALL = YES;
			};
			name = Release;
		};
		15ED79E719EE732E001FC922 /* Debug */ = {
			isa = XCBuildConfiguration;
			buildSettings = {
				CODE_SIGN_ENTITLEMENTS = DocumentProviderExt/DocumentProviderExt.entitlements;
				GCC_PREPROCESSOR_DEFINITIONS = (
					"DEBUG=1",
					"$(inherited)",
				);
				INFOPLIST_FILE = DocumentProviderExt/Info.plist;
				LD_RUNPATH_SEARCH_PATHS = "$(inherited) @executable_path/Frameworks @executable_path/../../Frameworks";
				PRODUCT_NAME = "$(TARGET_NAME)";
				SKIP_INSTALL = YES;
			};
			name = Debug;
		};
		15ED79E819EE732E001FC922 /* Release */ = {
			isa = XCBuildConfiguration;
			buildSettings = {
				CODE_SIGN_ENTITLEMENTS = DocumentProviderExt/DocumentProviderExt.entitlements;
				INFOPLIST_FILE = DocumentProviderExt/Info.plist;
				LD_RUNPATH_SEARCH_PATHS = "$(inherited) @executable_path/Frameworks @executable_path/../../Frameworks";
				PRODUCT_NAME = "$(TARGET_NAME)";
				SKIP_INSTALL = YES;
			};
			name = Release;
		};
/* End XCBuildConfiguration section */

/* Begin XCConfigurationList section */
		15ED799119EE7305001FC922 /* Build configuration list for PBXProject "DocumentProviderSample" */ = {
			isa = XCConfigurationList;
			buildConfigurations = (
				15ED79B719EE7305001FC922 /* Debug */,
				15ED79B819EE7305001FC922 /* Release */,
			);
			defaultConfigurationIsVisible = 0;
			defaultConfigurationName = Release;
		};
		15ED79B919EE7305001FC922 /* Build configuration list for PBXNativeTarget "DocumentProviderSample" */ = {
			isa = XCConfigurationList;
			buildConfigurations = (
				15ED79BA19EE7305001FC922 /* Debug */,
				15ED79BB19EE7305001FC922 /* Release */,
			);
			defaultConfigurationIsVisible = 0;
		};
		15ED79BC19EE7305001FC922 /* Build configuration list for PBXNativeTarget "DocumentProviderSampleTests" */ = {
			isa = XCConfigurationList;
			buildConfigurations = (
				15ED79BD19EE7305001FC922 /* Debug */,
				15ED79BE19EE7305001FC922 /* Release */,
			);
			defaultConfigurationIsVisible = 0;
		};
		15ED79E319EE732E001FC922 /* Build configuration list for PBXNativeTarget "DocumentProviderExtFileProvider" */ = {
			isa = XCConfigurationList;
			buildConfigurations = (
				15ED79E419EE732E001FC922 /* Debug */,
				15ED79E519EE732E001FC922 /* Release */,
			);
			defaultConfigurationIsVisible = 0;
		};
		15ED79E619EE732E001FC922 /* Build configuration list for PBXNativeTarget "DocumentProviderExt" */ = {
			isa = XCConfigurationList;
			buildConfigurations = (
				15ED79E719EE732E001FC922 /* Debug */,
				15ED79E819EE732E001FC922 /* Release */,
			);
			defaultConfigurationIsVisible = 0;
		};
/* End XCConfigurationList section */
	};
	rootObject = 15ED798E19EE7305001FC922 /* Project object */;
}
